
Microsoft Visual Studio Solution File, Format Version 12.00
# Visual Studio 2012
Project("{FAE04EC0-301F-11D3-BF4B-00C04F79EFBC}") = "Xander.PasswordValidator", "Xander.PasswordValidator\Xander.PasswordValidator.csproj", "{7EF158F8-1EBF-4B5B-878D-EAFD8C26039D}"
EndProject
Project("{2150E333-8FDC-42A3-9474-1A3956D46DE8}") = ".nuget", ".nuget", "{ECD12001-B461-4F7C-B869-7465F6070DA5}"
	ProjectSection(SolutionItems) = preProject
		.nuget\NuGet.Config = .nuget\NuGet.Config
		.nuget\NuGet.exe = .nuget\NuGet.exe
		.nuget\NuGet.targets = .nuget\NuGet.targets
	EndProjectSection
EndProject
Project("{FAE04EC0-301F-11D3-BF4B-00C04F79EFBC}") = "Xander.PasswordValidator.TestSuite", "Xander.PasswordValidator.TestSuite\Xander.PasswordValidator.TestSuite.csproj", "{8C98DB93-57D4-44D6-9813-45F7C97ABAC6}"
EndProject
Project("{FAE04EC0-301F-11D3-BF4B-00C04F79EFBC}") = "Xander.PasswordValidator.Web", "Xander.PasswordValidator.Web\Xander.PasswordValidator.Web.csproj", "{C8F16B6C-CD31-4374-9972-253BD59685D8}"
EndProject
Project("{FAE04EC0-301F-11D3-BF4B-00C04F79EFBC}") = "Xander.PasswordValidator.Web.TestSuite", "Xander.PasswordValidator.Web.TestSuite\Xander.PasswordValidator.Web.TestSuite.csproj", "{1B9F41BF-32F4-416E-8BE8-349C38B05B37}"
EndProject
Project("{FAE04EC0-301F-11D3-BF4B-00C04F79EFBC}") = "Xander.Demo.PasswordValidator.Web.Mvc3", "Xander.Demo.PasswordValidator.Web.Mvc3\Xander.Demo.PasswordValidator.Web.Mvc3.csproj", "{D8E301D2-8968-4D85-8338-DBA638D6981C}"
EndProject
Global
	GlobalSection(SolutionConfigurationPlatforms) = preSolution
		Debug|Any CPU = Debug|Any CPU
		Release|Any CPU = Release|Any CPU
	EndGlobalSection
	GlobalSection(ProjectConfigurationPlatforms) = postSolution
		{7EF158F8-1EBF-4B5B-878D-EAFD8C26039D}.Debug|Any CPU.ActiveCfg = Debug|Any CPU
		{7EF158F8-1EBF-4B5B-878D-EAFD8C26039D}.Debug|Any CPU.Build.0 = Debug|Any CPU
		{7EF158F8-1EBF-4B5B-878D-EAFD8C26039D}.Release|Any CPU.ActiveCfg = Release|Any CPU
		{7EF158F8-1EBF-4B5B-878D-EAFD8C26039D}.Release|Any CPU.Build.0 = Release|Any CPU
		{8C98DB93-57D4-44D6-9813-45F7C97ABAC6}.Debug|Any CPU.ActiveCfg = Debug|Any CPU
		{8C98DB93-57D4-44D6-9813-45F7C97ABAC6}.Debug|Any CPU.Build.0 = Debug|Any CPU
		{8C98DB93-57D4-44D6-9813-45F7C97ABAC6}.Release|Any CPU.ActiveCfg = Release|Any CPU
		{8C98DB93-57D4-44D6-9813-45F7C97ABAC6}.Release|Any CPU.Build.0 = Release|Any CPU
		{C8F16B6C-CD31-4374-9972-253BD59685D8}.Debug|Any CPU.ActiveCfg = Debug|Any CPU
		{C8F16B6C-CD31-4374-9972-253BD59685D8}.Debug|Any CPU.Build.0 = Debug|Any CPU
		{C8F16B6C-CD31-4374-9972-253BD59685D8}.Release|Any CPU.ActiveCfg = Release|Any CPU
		{C8F16B6C-CD31-4374-9972-253BD59685D8}.Release|Any CPU.Build.0 = Release|Any CPU
		{1B9F41BF-32F4-416E-8BE8-349C38B05B37}.Debug|Any CPU.ActiveCfg = Debug|Any CPU
		{1B9F41BF-32F4-416E-8BE8-349C38B05B37}.Debug|Any CPU.Build.0 = Debug|Any CPU
		{1B9F41BF-32F4-416E-8BE8-349C38B05B37}.Release|Any CPU.ActiveCfg = Release|Any CPU
		{1B9F41BF-32F4-416E-8BE8-349C38B05B37}.Release|Any CPU.Build.0 = Release|Any CPU
		{D8E301D2-8968-4D85-8338-DBA638D6981C}.Debug|Any CPU.ActiveCfg = Debug|Any CPU
		{D8E301D2-8968-4D85-8338-DBA638D6981C}.Debug|Any CPU.Build.0 = Debug|Any CPU
		{D8E301D2-8968-4D85-8338-DBA638D6981C}.Release|Any CPU.ActiveCfg = Release|Any CPU
		{D8E301D2-8968-4D85-8338-DBA638D6981C}.Release|Any CPU.Build.0 = Release|Any CPU
	EndGlobalSection
	GlobalSection(SolutionProperties) = preSolution
		HideSolutionNode = FALSE
	EndGlobalSection
EndGlobal
